
Microsoft Visual Studio Solution File, Format Version 10.00
# Visual Studio 2008
Project("{FAE04EC0-301F-11D3-BF4B-00C04F79EFBC}") = "PolygonHead", "PolygonHead.csproj", "{28463D9F-7214-49DE-A825-1FFACFE64723}"
EndProject
Global
	GlobalSection(SolutionConfigurationPlatforms) = preSolution
		Debug|Any CPU = Debug|Any CPU
		Release|Any CPU = Release|Any CPU
	EndGlobalSection
	GlobalSection(ProjectConfigurationPlatforms) = postSolution
		{28463D9F-7214-49DE-A825-1FFACFE64723}.Debug|Any CPU.ActiveCfg = Debug|Any CPU
		{28463D9F-7214-49DE-A825-1FFACFE64723}.Debug|Any CPU.Build.0 = Debug|Any CPU
		{28463D9F-7214-49DE-A825-1FFACFE64723}.Release|Any CPU.ActiveCfg = Release|Any CPU
		{28463D9F-7214-49DE-A825-1FFACFE64723}.Release|Any CPU.Build.0 = Release|Any CPU
	EndGlobalSection
	GlobalSection(SolutionProperties) = preSolution
		HideSolutionNode = FALSE
	EndGlobalSection
EndGlobal
